
Microsoft Visual Studio Solution File, Format Version 12.00
# Visual Studio Version 16
VisualStudioVersion = 16.0.32602.291
MinimumVisualStudioVersion = 10.0.40219.1
Project("{FAE04EC0-301F-11D3-BF4B-00C04F79EFBC}") = "PersonalBudgetPlanner_WPF", "PersonalBudgetPlanner_WPF\PersonalBudgetPlanner_WPF.csproj", "{A41EB1E5-0377-4A30-996E-66F4C9522E9A}"
EndProject
Global
	GlobalSection(SolutionConfigurationPlatforms) = preSolution
		Debug|Any CPU = Debug|Any CPU
		Release|Any CPU = Release|Any CPU
	EndGlobalSection
	GlobalSection(ProjectConfigurationPlatforms) = postSolution
		{A41EB1E5-0377-4A30-996E-66F4C9522E9A}.Debug|Any CPU.ActiveCfg = Debug|Any CPU
		{A41EB1E5-0377-4A30-996E-66F4C9522E9A}.Debug|Any CPU.Build.0 = Debug|Any CPU
		{A41EB1E5-0377-4A30-996E-66F4C9522E9A}.Release|Any CPU.ActiveCfg = Release|Any CPU
		{A41EB1E5-0377-4A30-996E-66F4C9522E9A}.Release|Any CPU.Build.0 = Release|Any CPU
	EndGlobalSection
	GlobalSection(SolutionProperties) = preSolution
		HideSolutionNode = FALSE
	EndGlobalSection
	GlobalSection(ExtensibilityGlobals) = postSolution
		SolutionGuid = {2D2C6903-8298-41AC-A02B-E19823DFCF51}
	EndGlobalSection
EndGlobal
